
Microsoft Visual Studio Solution File, Format Version 12.00
# Visual Studio Version 17
VisualStudioVersion = 17.10.35122.118
MinimumVisualStudioVersion = 10.0.40219.1
Project("{FAE04EC0-301F-11D3-BF4B-00C04F79EFBC}") = "Happy_Health", "Happy_Health.csproj", "{33E2625B-0C71-4400-838E-0F00472661F7}"
EndProject
Global
	GlobalSection(SolutionConfigurationPlatforms) = preSolution
		Debug|Any CPU = Debug|Any CPU
		Release|Any CPU = Release|Any CPU
	EndGlobalSection
	GlobalSection(ProjectConfigurationPlatforms) = postSolution
		{33E2625B-0C71-4400-838E-0F00472661F7}.Debug|Any CPU.ActiveCfg = Debug|Any CPU
		{33E2625B-0C71-4400-838E-0F00472661F7}.Debug|Any CPU.Build.0 = Debug|Any CPU
		{33E2625B-0C71-4400-838E-0F00472661F7}.Release|Any CPU.ActiveCfg = Release|Any CPU
		{33E2625B-0C71-4400-838E-0F00472661F7}.Release|Any CPU.Build.0 = Release|Any CPU
	EndGlobalSection
	GlobalSection(SolutionProperties) = preSolution
		HideSolutionNode = FALSE
	EndGlobalSection
	GlobalSection(ExtensibilityGlobals) = postSolution
		SolutionGuid = {4E375ABC-8849-4C3D-913F-826236F145E3}
	EndGlobalSection
EndGlobal
